
Microsoft Visual Studio Solution File, Format Version 12.00
# Visual Studio Version 17
VisualStudioVersion = 17.2.32630.192
MinimumVisualStudioVersion = 10.0.40219.1
Project("{8BC9CEB8-8B4A-11D0-8D11-00A0C91BC942}") = "VulkanRayTracing", "VulkanRayTracing\VulkanRayTracing.vcxproj", "{48D97DF5-D4CB-49C3-B515-B9490D865BE2}"
EndProject
Project("{8BC9CEB8-8B4A-11D0-8D11-00A0C91BC942}") = "VulkanModules", "VulkanModules\VulkanModules.vcxproj", "{836AEB0C-B0FB-4EB8-8570-FADE039FC53E}"
EndProject
Global
	GlobalSection(SolutionConfigurationPlatforms) = preSolution
		Debug|x64 = Debug|x64
		Debug|x86 = Debug|x86
		Release|x64 = Release|x64
		Release|x86 = Release|x86
	EndGlobalSection
	GlobalSection(ProjectConfigurationPlatforms) = postSolution
		{48D97DF5-D4CB-49C3-B515-B9490D865BE2}.Debug|x64.ActiveCfg = Debug|x64
		{48D97DF5-D4CB-49C3-B515-B9490D865BE2}.Debug|x64.Build.0 = Debug|x64
		{48D97DF5-D4CB-49C3-B515-B9490D865BE2}.Debug|x86.ActiveCfg = Debug|Win32
		{48D97DF5-D4CB-49C3-B515-B9490D865BE2}.Debug|x86.Build.0 = Debug|Win32
		{48D97DF5-D4CB-49C3-B515-B9490D865BE2}.Release|x64.ActiveCfg = Release|x64
		{48D97DF5-D4CB-49C3-B515-B9490D865BE2}.Release|x64.Build.0 = Release|x64
		{48D97DF5-D4CB-49C3-B515-B9490D865BE2}.Release|x86.ActiveCfg = Release|Win32
		{48D97DF5-D4CB-49C3-B515-B9490D865BE2}.Release|x86.Build.0 = Release|Win32
		{836AEB0C-B0FB-4EB8-8570-FADE039FC53E}.Debug|x64.ActiveCfg = Debug|x64
		{836AEB0C-B0FB-4EB8-8570-FADE039FC53E}.Debug|x64.Build.0 = Debug|x64
		{836AEB0C-B0FB-4EB8-8570-FADE039FC53E}.Debug|x86.ActiveCfg = Debug|Win32
		{836AEB0C-B0FB-4EB8-8570-FADE039FC53E}.Debug|x86.Build.0 = Debug|Win32
		{836AEB0C-B0FB-4EB8-8570-FADE039FC53E}.Release|x64.ActiveCfg = Release|x64
		{836AEB0C-B0FB-4EB8-8570-FADE039FC53E}.Release|x64.Build.0 = Release|x64
		{836AEB0C-B0FB-4EB8-8570-FADE039FC53E}.Release|x86.ActiveCfg = Release|Win32
		{836AEB0C-B0FB-4EB8-8570-FADE039FC53E}.Release|x86.Build.0 = Release|Win32
	EndGlobalSection
	GlobalSection(SolutionProperties) = preSolution
		HideSolutionNode = FALSE
	EndGlobalSection
	GlobalSection(ExtensibilityGlobals) = postSolution
		SolutionGuid = {AC501098-7870-42FE-AFA7-9AE6F7A9B253}
	EndGlobalSection
EndGlobal
